
Microsoft Visual Studio Solution File, Format Version 12.00
# Visual Studio Version 17
VisualStudioVersion = 17.14.36203.30 d17.14
MinimumVisualStudioVersion = 10.0.40219.1
Project("{FAE04EC0-301F-11D3-BF4B-00C04F79EFBC}") = "SensorGame", "SensorGame.csproj", "{34BB3108-8FEB-43E8-906E-FDCACAF318EE}"
EndProject
Global
	GlobalSection(SolutionConfigurationPlatforms) = preSolution
		Debug|Any CPU = Debug|Any CPU
		Release|Any CPU = Release|Any CPU
	EndGlobalSection
	GlobalSection(ProjectConfigurationPlatforms) = postSolution
		{34BB3108-8FEB-43E8-906E-FDCACAF318EE}.Debug|Any CPU.ActiveCfg = Debug|Any CPU
		{34BB3108-8FEB-43E8-906E-FDCACAF318EE}.Debug|Any CPU.Build.0 = Debug|Any CPU
		{34BB3108-8FEB-43E8-906E-FDCACAF318EE}.Release|Any CPU.ActiveCfg = Release|Any CPU
		{34BB3108-8FEB-43E8-906E-FDCACAF318EE}.Release|Any CPU.Build.0 = Release|Any CPU
	EndGlobalSection
	GlobalSection(SolutionProperties) = preSolution
		HideSolutionNode = FALSE
	EndGlobalSection
	GlobalSection(ExtensibilityGlobals) = postSolution
		SolutionGuid = {CB4938E9-486C-41CA-946D-3B9391C6D0FE}
	EndGlobalSection
EndGlobal
